
Microsoft Visual Studio Solution File, Format Version 12.00
# Visual Studio Version 17
VisualStudioVersion = 17.3.32819.101
MinimumVisualStudioVersion = 10.0.40219.1
Project("{FAE04EC0-301F-11D3-BF4B-00C04F79EFBC}") = "WebRoot", "WebRoot\WebRoot.csproj", "{C37BFBE6-DFD1-4D89-BD1B-3B91D7B40019}"
EndProject
Global
	GlobalSection(SolutionConfigurationPlatforms) = preSolution
		Debug|Any CPU = Debug|Any CPU
		Release|Any CPU = Release|Any CPU
	EndGlobalSection
	GlobalSection(ProjectConfigurationPlatforms) = postSolution
		{C37BFBE6-DFD1-4D89-BD1B-3B91D7B40019}.Debug|Any CPU.ActiveCfg = Debug|Any CPU
		{C37BFBE6-DFD1-4D89-BD1B-3B91D7B40019}.Debug|Any CPU.Build.0 = Debug|Any CPU
		{C37BFBE6-DFD1-4D89-BD1B-3B91D7B40019}.Release|Any CPU.ActiveCfg = Release|Any CPU
		{C37BFBE6-DFD1-4D89-BD1B-3B91D7B40019}.Release|Any CPU.Build.0 = Release|Any CPU
	EndGlobalSection
	GlobalSection(SolutionProperties) = preSolution
		HideSolutionNode = FALSE
	EndGlobalSection
	GlobalSection(ExtensibilityGlobals) = postSolution
		SolutionGuid = {74097C3B-FDE9-45DE-9BDF-52FE5A9394ED}
	EndGlobalSection
EndGlobal
